// !$*UTF8*$!
{
	archiveVersion = 1;
	classes = {
	};
	objectVersion = 55;
	objects = {

/* Begin PBXBuildFile section */
		07AB1FCA27AA9599007771E3 /* BestRatedCollectionViewCell.swift in Sources */ = {isa = PBXBuildFile; fileRef = 07AB1FC827AA9599007771E3 /* BestRatedCollectionViewCell.swift */; };
		07AB1FCB27AA9599007771E3 /* BestRatedCollectionViewCell.xib in Resources */ = {isa = PBXBuildFile; fileRef = 07AB1FC927AA9599007771E3 /* BestRatedCollectionViewCell.xib */; };
		5959268727BBABE100702369 /* ModifyPassword.storyboard in Resources */ = {isa = PBXBuildFile; fileRef = 5959268627BBABE100702369 /* ModifyPassword.storyboard */; };
		5959268A27BBB84A00702369 /* DetailEvent.storyboard in Resources */ = {isa = PBXBuildFile; fileRef = 5959268927BBB84A00702369 /* DetailEvent.storyboard */; };
		5999B68027B2805B0008BE6B /* FavouritesClubs.storyboard in Resources */ = {isa = PBXBuildFile; fileRef = 5999B67F27B2805B0008BE6B /* FavouritesClubs.storyboard */; };
		5999B68427B285640008BE6B /* ClubTableViewCell.swift in Sources */ = {isa = PBXBuildFile; fileRef = 5999B68227B285640008BE6B /* ClubTableViewCell.swift */; };
		5999B68527B285640008BE6B /* ClubTableViewCell.xib in Resources */ = {isa = PBXBuildFile; fileRef = 5999B68327B285640008BE6B /* ClubTableViewCell.xib */; };
		5E123C3B27A2F1E400CF14EE /* FirstRegisterViewController.swift in Sources */ = {isa = PBXBuildFile; fileRef = 5E123C3A27A2F1E400CF14EE /* FirstRegisterViewController.swift */; };
		5E123C3D27A2F1F000CF14EE /* SecondRegisterViewController.swift in Sources */ = {isa = PBXBuildFile; fileRef = 5E123C3C27A2F1F000CF14EE /* SecondRegisterViewController.swift */; };
		5E12C4B527B6583300F4E7EA /* ProfileViewController.swift in Sources */ = {isa = PBXBuildFile; fileRef = 5E12C4B427B6583300F4E7EA /* ProfileViewController.swift */; };
		5E197F01278D7E6F008BBABB /* Constants.swift in Sources */ = {isa = PBXBuildFile; fileRef = 5E197F00278D7E6F008BBABB /* Constants.swift */; };
		5E197F03278D80D4008BBABB /* ColorExtension.swift in Sources */ = {isa = PBXBuildFile; fileRef = 5E197F02278D80D4008BBABB /* ColorExtension.swift */; };
		5E2FEE6727A43E3E008B0AE1 /* RetrievePassword.storyboard in Resources */ = {isa = PBXBuildFile; fileRef = 5E2FEE6627A43E3E008B0AE1 /* RetrievePassword.storyboard */; };
		5E2FEE6927A442DA008B0AE1 /* RetrievePasswordViewController.swift in Sources */ = {isa = PBXBuildFile; fileRef = 5E2FEE6827A442DA008B0AE1 /* RetrievePasswordViewController.swift */; };
		5E371D2927A925F900446D73 /* TabBar.storyboard in Resources */ = {isa = PBXBuildFile; fileRef = 5E371D2827A925F900446D73 /* TabBar.storyboard */; };
		5E371D2B27A92A5E00446D73 /* TabBarController.swift in Sources */ = {isa = PBXBuildFile; fileRef = 5E371D2A27A92A5E00446D73 /* TabBarController.swift */; };
		5E51235127BBC7430047EE44 /* IQKeyboardManagerSwift in Frameworks */ = {isa = PBXBuildFile; productRef = 5E51235027BBC7430047EE44 /* IQKeyboardManagerSwift */; };
		5E51235327BBC7E60047EE44 /* FavouriteClubsViewController.swift in Sources */ = {isa = PBXBuildFile; fileRef = 5E51235227BBC7E60047EE44 /* FavouriteClubsViewController.swift */; };
		5E51235E27BBD5D70047EE44 /* InfoClubViewController.swift in Sources */ = {isa = PBXBuildFile; fileRef = 5E51235D27BBD5D70047EE44 /* InfoClubViewController.swift */; };
		5E51236227BBD8010047EE44 /* InfoClub.storyboard in Resources */ = {isa = PBXBuildFile; fileRef = 5E51236127BBD8010047EE44 /* InfoClub.storyboard */; };
		5E7653CE27B2E802000D0A6D /* UISegmentedControlExtension.swift in Sources */ = {isa = PBXBuildFile; fileRef = 5E7653CD27B2E802000D0A6D /* UISegmentedControlExtension.swift */; };
		5E77E9BF27B1368E004195AE /* HomeViewController.swift in Sources */ = {isa = PBXBuildFile; fileRef = 5E77E9BE27B1368E004195AE /* HomeViewController.swift */; };
		5E9C14C22790358F002D9AF1 /* SF-Pro-Display-Semibold.otf in Resources */ = {isa = PBXBuildFile; fileRef = 5E9C14BD2790358F002D9AF1 /* SF-Pro-Display-Semibold.otf */; };
		5E9C14C32790358F002D9AF1 /* SF-Pro-Display-Regular.otf in Resources */ = {isa = PBXBuildFile; fileRef = 5E9C14BE2790358F002D9AF1 /* SF-Pro-Display-Regular.otf */; };
		5E9C14C42790358F002D9AF1 /* SF-Pro-Display-Medium.otf in Resources */ = {isa = PBXBuildFile; fileRef = 5E9C14BF2790358F002D9AF1 /* SF-Pro-Display-Medium.otf */; };
		5E9C14C52790358F002D9AF1 /* SF-Pro.ttf in Resources */ = {isa = PBXBuildFile; fileRef = 5E9C14C02790358F002D9AF1 /* SF-Pro.ttf */; };
		5E9C14C62790358F002D9AF1 /* SF-Pro-Display-Bold.otf in Resources */ = {isa = PBXBuildFile; fileRef = 5E9C14C12790358F002D9AF1 /* SF-Pro-Display-Bold.otf */; };
		5E9C14CA279038D0002D9AF1 /* TextStyles.swift in Sources */ = {isa = PBXBuildFile; fileRef = 5E9C14C9279038D0002D9AF1 /* TextStyles.swift */; };
		5E9E821027B283D700A450E8 /* HomeClubsViewController.swift in Sources */ = {isa = PBXBuildFile; fileRef = 5E9E820F27B283D700A450E8 /* HomeClubsViewController.swift */; };
		5E9E821227B283E200A450E8 /* HomeMatchesViewController.swift in Sources */ = {isa = PBXBuildFile; fileRef = 5E9E821127B283E200A450E8 /* HomeMatchesViewController.swift */; };
		5EA1A66C27A7D43C0096754C /* Alamofire in Frameworks */ = {isa = PBXBuildFile; productRef = 5EA1A66B27A7D43C0096754C /* Alamofire */; };
		5EA1A66F27A7E5D60096754C /* NewUser.swift in Sources */ = {isa = PBXBuildFile; fileRef = 5EA1A66E27A7E5D60096754C /* NewUser.swift */; };
		5EA1A67127A7E6970096754C /* Data.swift in Sources */ = {isa = PBXBuildFile; fileRef = 5EA1A67027A7E6970096754C /* Data.swift */; };
		5EA1A67327A7E7990096754C /* DbResponse.swift in Sources */ = {isa = PBXBuildFile; fileRef = 5EA1A67227A7E7990096754C /* DbResponse.swift */; };
		5EA1A67527A7EDCF0096754C /* UserLogin.swift in Sources */ = {isa = PBXBuildFile; fileRef = 5EA1A67427A7EDCF0096754C /* UserLogin.swift */; };
		5EA50EDD27AD2B7900641F2D /* AuxFunctions.swift in Sources */ = {isa = PBXBuildFile; fileRef = 5EA50EDC27AD2B7900641F2D /* AuxFunctions.swift */; };
		5EC1EFDF27BFB7C90089C436 /* UIViewExtension.swift in Sources */ = {isa = PBXBuildFile; fileRef = 5EC1EFDE27BFB7C90089C436 /* UIViewExtension.swift */; };
		5ECB28AC279F0F5200583F67 /* UITextFieldExtension.swift in Sources */ = {isa = PBXBuildFile; fileRef = 5ECB28AB279F0F5200583F67 /* UITextFieldExtension.swift */; };
		5ECB28AE279F157C00583F67 /* UIButtonExtension.swift in Sources */ = {isa = PBXBuildFile; fileRef = 5ECB28AD279F157C00583F67 /* UIButtonExtension.swift */; };
		5ECF53EF278C3AB8005F6D01 /* AppDelegate.swift in Sources */ = {isa = PBXBuildFile; fileRef = 5ECF53EE278C3AB8005F6D01 /* AppDelegate.swift */; };
		5ECF53F1278C3AB8005F6D01 /* SceneDelegate.swift in Sources */ = {isa = PBXBuildFile; fileRef = 5ECF53F0278C3AB8005F6D01 /* SceneDelegate.swift */; };
		5ECF53F3278C3AB8005F6D01 /* AuthViewController.swift in Sources */ = {isa = PBXBuildFile; fileRef = 5ECF53F2278C3AB8005F6D01 /* AuthViewController.swift */; };
		5ECF53F6278C3AB8005F6D01 /* Main.storyboard in Resources */ = {isa = PBXBuildFile; fileRef = 5ECF53F4278C3AB8005F6D01 /* Main.storyboard */; };
		5ECF53F8278C3AB9005F6D01 /* Assets.xcassets in Resources */ = {isa = PBXBuildFile; fileRef = 5ECF53F7278C3AB9005F6D01 /* Assets.xcassets */; };
		5ECF53FB278C3AB9005F6D01 /* LaunchScreen.storyboard in Resources */ = {isa = PBXBuildFile; fileRef = 5ECF53F9278C3AB9005F6D01 /* LaunchScreen.storyboard */; };
		5EF497A327A5570F008B0C37 /* DateDecoder.swift in Sources */ = {isa = PBXBuildFile; fileRef = 5EF497A227A5570F008B0C37 /* DateDecoder.swift */; };
		5EF497A627A55794008B0C37 /* UserDefaultsProvider.swift in Sources */ = {isa = PBXBuildFile; fileRef = 5EF497A527A55794008B0C37 /* UserDefaultsProvider.swift */; };
		5EF497A827A55858008B0C37 /* NetworkingProvider.swift in Sources */ = {isa = PBXBuildFile; fileRef = 5EF497A727A55858008B0C37 /* NetworkingProvider.swift */; };
		5EFC3CA9279DC0A100720905 /* Register.storyboard in Resources */ = {isa = PBXBuildFile; fileRef = 5EFC3CA8279DC0A100720905 /* Register.storyboard */; };
/* End PBXBuildFile section */

/* Begin PBXFileReference section */
		07AB1FC827AA9599007771E3 /* BestRatedCollectionViewCell.swift */ = {isa = PBXFileReference; lastKnownFileType = sourcecode.swift; path = BestRatedCollectionViewCell.swift; sourceTree = "<group>"; };
		07AB1FC927AA9599007771E3 /* BestRatedCollectionViewCell.xib */ = {isa = PBXFileReference; lastKnownFileType = file.xib; path = BestRatedCollectionViewCell.xib; sourceTree = "<group>"; };
		5959268627BBABE100702369 /* ModifyPassword.storyboard */ = {isa = PBXFileReference; lastKnownFileType = file.storyboard; path = ModifyPassword.storyboard; sourceTree = "<group>"; };
		5959268927BBB84A00702369 /* DetailEvent.storyboard */ = {isa = PBXFileReference; lastKnownFileType = file.storyboard; path = DetailEvent.storyboard; sourceTree = "<group>"; };
		5999B67F27B2805B0008BE6B /* FavouritesClubs.storyboard */ = {isa = PBXFileReference; lastKnownFileType = file.storyboard; path = FavouritesClubs.storyboard; sourceTree = "<group>"; };
		5999B68227B285640008BE6B /* ClubTableViewCell.swift */ = {isa = PBXFileReference; lastKnownFileType = sourcecode.swift; path = ClubTableViewCell.swift; sourceTree = "<group>"; };
		5999B68327B285640008BE6B /* ClubTableViewCell.xib */ = {isa = PBXFileReference; lastKnownFileType = file.xib; path = ClubTableViewCell.xib; sourceTree = "<group>"; };
		5E123C3A27A2F1E400CF14EE /* FirstRegisterViewController.swift */ = {isa = PBXFileReference; lastKnownFileType = sourcecode.swift; path = FirstRegisterViewController.swift; sourceTree = "<group>"; };
		5E123C3C27A2F1F000CF14EE /* SecondRegisterViewController.swift */ = {isa = PBXFileReference; lastKnownFileType = sourcecode.swift; path = SecondRegisterViewController.swift; sourceTree = "<group>"; };
		5E12C4B427B6583300F4E7EA /* ProfileViewController.swift */ = {isa = PBXFileReference; lastKnownFileType = sourcecode.swift; path = ProfileViewController.swift; sourceTree = "<group>"; };
		5E197F00278D7E6F008BBABB /* Constants.swift */ = {isa = PBXFileReference; lastKnownFileType = sourcecode.swift; path = Constants.swift; sourceTree = "<group>"; };
		5E197F02278D80D4008BBABB /* ColorExtension.swift */ = {isa = PBXFileReference; lastKnownFileType = sourcecode.swift; path = ColorExtension.swift; sourceTree = "<group>"; };
		5E2FEE6627A43E3E008B0AE1 /* RetrievePassword.storyboard */ = {isa = PBXFileReference; lastKnownFileType = file.storyboard; path = RetrievePassword.storyboard; sourceTree = "<group>"; };
		5E2FEE6827A442DA008B0AE1 /* RetrievePasswordViewController.swift */ = {isa = PBXFileReference; lastKnownFileType = sourcecode.swift; path = RetrievePasswordViewController.swift; sourceTree = "<group>"; };
		5E371D2827A925F900446D73 /* TabBar.storyboard */ = {isa = PBXFileReference; lastKnownFileType = file.storyboard; path = TabBar.storyboard; sourceTree = "<group>"; };
		5E371D2A27A92A5E00446D73 /* TabBarController.swift */ = {isa = PBXFileReference; lastKnownFileType = sourcecode.swift; path = TabBarController.swift; sourceTree = "<group>"; };
		5E51235227BBC7E60047EE44 /* FavouriteClubsViewController.swift */ = {isa = PBXFileReference; lastKnownFileType = sourcecode.swift; path = FavouriteClubsViewController.swift; sourceTree = "<group>"; };
		5E51235D27BBD5D70047EE44 /* InfoClubViewController.swift */ = {isa = PBXFileReference; fileEncoding = 4; lastKnownFileType = sourcecode.swift; path = InfoClubViewController.swift; sourceTree = "<group>"; };
		5E51236127BBD8010047EE44 /* InfoClub.storyboard */ = {isa = PBXFileReference; fileEncoding = 4; lastKnownFileType = file.storyboard; path = InfoClub.storyboard; sourceTree = "<group>"; };
		5E7653CD27B2E802000D0A6D /* UISegmentedControlExtension.swift */ = {isa = PBXFileReference; lastKnownFileType = sourcecode.swift; path = UISegmentedControlExtension.swift; sourceTree = "<group>"; };
		5E77E9BE27B1368E004195AE /* HomeViewController.swift */ = {isa = PBXFileReference; lastKnownFileType = sourcecode.swift; path = HomeViewController.swift; sourceTree = "<group>"; };
		5E9C14BD2790358F002D9AF1 /* SF-Pro-Display-Semibold.otf */ = {isa = PBXFileReference; lastKnownFileType = file; path = "SF-Pro-Display-Semibold.otf"; sourceTree = "<group>"; };
		5E9C14BE2790358F002D9AF1 /* SF-Pro-Display-Regular.otf */ = {isa = PBXFileReference; lastKnownFileType = file; path = "SF-Pro-Display-Regular.otf"; sourceTree = "<group>"; };
		5E9C14BF2790358F002D9AF1 /* SF-Pro-Display-Medium.otf */ = {isa = PBXFileReference; lastKnownFileType = file; path = "SF-Pro-Display-Medium.otf"; sourceTree = "<group>"; };
		5E9C14C02790358F002D9AF1 /* SF-Pro.ttf */ = {isa = PBXFileReference; lastKnownFileType = file; path = "SF-Pro.ttf"; sourceTree = "<group>"; };
		5E9C14C12790358F002D9AF1 /* SF-Pro-Display-Bold.otf */ = {isa = PBXFileReference; lastKnownFileType = file; path = "SF-Pro-Display-Bold.otf"; sourceTree = "<group>"; };
		5E9C14C9279038D0002D9AF1 /* TextStyles.swift */ = {isa = PBXFileReference; lastKnownFileType = sourcecode.swift; path = TextStyles.swift; sourceTree = "<group>"; };
		5E9E820F27B283D700A450E8 /* HomeClubsViewController.swift */ = {isa = PBXFileReference; lastKnownFileType = sourcecode.swift; path = HomeClubsViewController.swift; sourceTree = "<group>"; };
		5E9E821127B283E200A450E8 /* HomeMatchesViewController.swift */ = {isa = PBXFileReference; lastKnownFileType = sourcecode.swift; path = HomeMatchesViewController.swift; sourceTree = "<group>"; };
		5EA1A66E27A7E5D60096754C /* NewUser.swift */ = {isa = PBXFileReference; lastKnownFileType = sourcecode.swift; path = NewUser.swift; sourceTree = "<group>"; };
		5EA1A67027A7E6970096754C /* Data.swift */ = {isa = PBXFileReference; lastKnownFileType = sourcecode.swift; path = Data.swift; sourceTree = "<group>"; };
		5EA1A67227A7E7990096754C /* DbResponse.swift */ = {isa = PBXFileReference; lastKnownFileType = sourcecode.swift; path = DbResponse.swift; sourceTree = "<group>"; };
		5EA1A67427A7EDCF0096754C /* UserLogin.swift */ = {isa = PBXFileReference; lastKnownFileType = sourcecode.swift; path = UserLogin.swift; sourceTree = "<group>"; };
		5EA50EDC27AD2B7900641F2D /* AuxFunctions.swift */ = {isa = PBXFileReference; lastKnownFileType = sourcecode.swift; path = AuxFunctions.swift; sourceTree = "<group>"; };
		5EC1EFDE27BFB7C90089C436 /* UIViewExtension.swift */ = {isa = PBXFileReference; lastKnownFileType = sourcecode.swift; path = UIViewExtension.swift; sourceTree = "<group>"; };
		5ECB28AB279F0F5200583F67 /* UITextFieldExtension.swift */ = {isa = PBXFileReference; lastKnownFileType = sourcecode.swift; path = UITextFieldExtension.swift; sourceTree = "<group>"; };
		5ECB28AD279F157C00583F67 /* UIButtonExtension.swift */ = {isa = PBXFileReference; lastKnownFileType = sourcecode.swift; path = UIButtonExtension.swift; sourceTree = "<group>"; };
		5ECF53EB278C3AB8005F6D01 /* Sport4All.app */ = {isa = PBXFileReference; explicitFileType = wrapper.application; includeInIndex = 0; path = Sport4All.app; sourceTree = BUILT_PRODUCTS_DIR; };
		5ECF53EE278C3AB8005F6D01 /* AppDelegate.swift */ = {isa = PBXFileReference; lastKnownFileType = sourcecode.swift; path = AppDelegate.swift; sourceTree = "<group>"; };
		5ECF53F0278C3AB8005F6D01 /* SceneDelegate.swift */ = {isa = PBXFileReference; lastKnownFileType = sourcecode.swift; path = SceneDelegate.swift; sourceTree = "<group>"; };
		5ECF53F2278C3AB8005F6D01 /* AuthViewController.swift */ = {isa = PBXFileReference; lastKnownFileType = sourcecode.swift; path = AuthViewController.swift; sourceTree = "<group>"; };
		5ECF53F5278C3AB8005F6D01 /* Base */ = {isa = PBXFileReference; lastKnownFileType = file.storyboard; name = Base; path = Base.lproj/Main.storyboard; sourceTree = "<group>"; };
		5ECF53F7278C3AB9005F6D01 /* Assets.xcassets */ = {isa = PBXFileReference; lastKnownFileType = folder.assetcatalog; path = Assets.xcassets; sourceTree = "<group>"; };
		5ECF53FA278C3AB9005F6D01 /* Base */ = {isa = PBXFileReference; lastKnownFileType = file.storyboard; name = Base; path = Base.lproj/LaunchScreen.storyboard; sourceTree = "<group>"; };
		5ECF53FC278C3AB9005F6D01 /* Info.plist */ = {isa = PBXFileReference; lastKnownFileType = text.plist.xml; path = Info.plist; sourceTree = "<group>"; };
		5EF497A227A5570F008B0C37 /* DateDecoder.swift */ = {isa = PBXFileReference; lastKnownFileType = sourcecode.swift; path = DateDecoder.swift; sourceTree = "<group>"; };
		5EF497A527A55794008B0C37 /* UserDefaultsProvider.swift */ = {isa = PBXFileReference; lastKnownFileType = sourcecode.swift; path = UserDefaultsProvider.swift; sourceTree = "<group>"; };
		5EF497A727A55858008B0C37 /* NetworkingProvider.swift */ = {isa = PBXFileReference; lastKnownFileType = sourcecode.swift; path = NetworkingProvider.swift; sourceTree = "<group>"; };
		5EFC3CA8279DC0A100720905 /* Register.storyboard */ = {isa = PBXFileReference; lastKnownFileType = file.storyboard; path = Register.storyboard; sourceTree = "<group>"; };
/* End PBXFileReference section */

/* Begin PBXFrameworksBuildPhase section */
		5ECF53E8278C3AB8005F6D01 /* Frameworks */ = {
			isa = PBXFrameworksBuildPhase;
			buildActionMask = 2147483647;
			files = (
				5EA1A66C27A7D43C0096754C /* Alamofire in Frameworks */,
				5E51235127BBC7430047EE44 /* IQKeyboardManagerSwift in Frameworks */,
			);
			runOnlyForDeploymentPostprocessing = 0;
		};
/* End PBXFrameworksBuildPhase section */

/* Begin PBXGroup section */
		5959268527BBABB700702369 /* ModifyPassword */ = {
			isa = PBXGroup;
			children = (
				5959268627BBABE100702369 /* ModifyPassword.storyboard */,
			);
			path = ModifyPassword;
			sourceTree = "<group>";
		};
		5959268827BBB83200702369 /* Event */ = {
			isa = PBXGroup;
			children = (
				5959268927BBB84A00702369 /* DetailEvent.storyboard */,
			);
			path = Event;
			sourceTree = "<group>";
		};
		5999B67E27B2803E0008BE6B /* FavouritesClubs */ = {
			isa = PBXGroup;
			children = (
				5999B67F27B2805B0008BE6B /* FavouritesClubs.storyboard */,
			);
			path = FavouritesClubs;
			sourceTree = "<group>";
		};
		5999B68127B285380008BE6B /* ClubCell */ = {
			isa = PBXGroup;
			children = (
				5999B68227B285640008BE6B /* ClubTableViewCell.swift */,
				5999B68327B285640008BE6B /* ClubTableViewCell.xib */,
			);
			path = ClubCell;
			sourceTree = "<group>";
		};
		5E197EF9278D7DA3008BBABB /* Util */ = {
			isa = PBXGroup;
			children = (
				5EA50EDB27AD2B6600641F2D /* AuxFunctions */,
				5E197EFD278D7E36008BBABB /* Extension */,
				5E197F00278D7E6F008BBABB /* Constants.swift */,
				5E9C14C9279038D0002D9AF1 /* TextStyles.swift */,
			);
			path = Util;
			sourceTree = "<group>";
		};
		5E197EFB278D7DBA008BBABB /* SupportingFiles */ = {
			isa = PBXGroup;
			children = (
				5ECF53FC278C3AB9005F6D01 /* Info.plist */,
				5E197EFC278D7DF1008BBABB /* Fonts */,
				5ECF53F7278C3AB9005F6D01 /* Assets.xcassets */,
			);
			path = SupportingFiles;
			sourceTree = "<group>";
		};
		5E197EFC278D7DF1008BBABB /* Fonts */ = {
			isa = PBXGroup;
			children = (
				5E9C14C12790358F002D9AF1 /* SF-Pro-Display-Bold.otf */,
				5E9C14BF2790358F002D9AF1 /* SF-Pro-Display-Medium.otf */,
				5E9C14BE2790358F002D9AF1 /* SF-Pro-Display-Regular.otf */,
				5E9C14BD2790358F002D9AF1 /* SF-Pro-Display-Semibold.otf */,
				5E9C14C02790358F002D9AF1 /* SF-Pro.ttf */,
			);
			path = Fonts;
			sourceTree = "<group>";
		};
		5E197EFD278D7E36008BBABB /* Extension */ = {
			isa = PBXGroup;
			children = (
				5E197F02278D80D4008BBABB /* ColorExtension.swift */,
				5ECB28AB279F0F5200583F67 /* UITextFieldExtension.swift */,
				5ECB28AD279F157C00583F67 /* UIButtonExtension.swift */,
				5E7653CD27B2E802000D0A6D /* UISegmentedControlExtension.swift */,
				5EC1EFDE27BFB7C90089C436 /* UIViewExtension.swift */,
			);
			path = Extension;
			sourceTree = "<group>";
		};
		5E2FEE6527A43E0F008B0AE1 /* RetrievePassword */ = {
			isa = PBXGroup;
			children = (
				5E2FEE6627A43E3E008B0AE1 /* RetrievePassword.storyboard */,
			);
			path = RetrievePassword;
			sourceTree = "<group>";
		};
		5E371D2727A925D900446D73 /* TabBars */ = {
			isa = PBXGroup;
			children = (
				5E371D2827A925F900446D73 /* TabBar.storyboard */,
			);
			path = TabBars;
			sourceTree = "<group>";
		};
		5E51235C27BBD5C90047EE44 /* InfoClub */ = {
			isa = PBXGroup;
			children = (
				5E51236127BBD8010047EE44 /* InfoClub.storyboard */,
			);
			path = InfoClub;
			sourceTree = "<group>";
		};
		5E75E4C4279993CD005B89A3 /* Views */ = {
			isa = PBXGroup;
			children = (
				5E51235C27BBD5C90047EE44 /* InfoClub */,
				5959268827BBB83200702369 /* Event */,
				5959268527BBABB700702369 /* ModifyPassword */,
				5999B67E27B2803E0008BE6B /* FavouritesClubs */,
				5EF360F527AA9B2B00105AB7 /* CellsView */,
				5E371D2727A925D900446D73 /* TabBars */,
				5E2FEE6527A43E0F008B0AE1 /* RetrievePassword */,
				5EFC3CA7279DC09400720905 /* Register */,
				5E75E4C927999412005B89A3 /* Main */,
				5E75E4C827999409005B89A3 /* Launch */,
			);
			path = Views;
			sourceTree = "<group>";
		};
		5E75E4C5279993D3005B89A3 /* Model */ = {
			isa = PBXGroup;
			children = (
				5EA1A66E27A7E5D60096754C /* NewUser.swift */,
				5EA1A67027A7E6970096754C /* Data.swift */,
				5EA1A67227A7E7990096754C /* DbResponse.swift */,
				5EA1A67427A7EDCF0096754C /* UserLogin.swift */,
			);
			path = Model;
			sourceTree = "<group>";
		};
		5E75E4C6279993E5005B89A3 /* Controllers */ = {
			isa = PBXGroup;
			children = (
				5ECF53F2278C3AB8005F6D01 /* AuthViewController.swift */,
				5EA4967727BFF54D005B6844 /* Register */,
				5E9E820E27B283C700A450E8 /* HomeControllers */,
				5E2FEE6827A442DA008B0AE1 /* RetrievePasswordViewController.swift */,
				5E12C4B427B6583300F4E7EA /* ProfileViewController.swift */,
				5E51235227BBC7E60047EE44 /* FavouriteClubsViewController.swift */,
				5E51235D27BBD5D70047EE44 /* InfoClubViewController.swift */,
				5E371D2A27A92A5E00446D73 /* TabBarController.swift */,
			);
			path = Controllers;
			sourceTree = "<group>";
		};
		5E75E4C7279993F2005B89A3 /* Provider */ = {
			isa = PBXGroup;
			children = (
				5EF497A427A55778008B0C37 /* UserDefaults */,
				5EF497A127A55703008B0C37 /* Decoder */,
				5EF497A727A55858008B0C37 /* NetworkingProvider.swift */,
			);
			path = Provider;
			sourceTree = "<group>";
		};
		5E75E4C827999409005B89A3 /* Launch */ = {
			isa = PBXGroup;
			children = (
				5ECF53F9278C3AB9005F6D01 /* LaunchScreen.storyboard */,
			);
			path = Launch;
			sourceTree = "<group>";
		};
		5E75E4C927999412005B89A3 /* Main */ = {
			isa = PBXGroup;
			children = (
				5ECF53F4278C3AB8005F6D01 /* Main.storyboard */,
			);
			path = Main;
			sourceTree = "<group>";
		};
		5E9E820E27B283C700A450E8 /* HomeControllers */ = {
			isa = PBXGroup;
			children = (
				5E77E9BE27B1368E004195AE /* HomeViewController.swift */,
				5E9E820F27B283D700A450E8 /* HomeClubsViewController.swift */,
				5E9E821127B283E200A450E8 /* HomeMatchesViewController.swift */,
			);
			path = HomeControllers;
			sourceTree = "<group>";
		};
		5EA4967727BFF54D005B6844 /* Register */ = {
			isa = PBXGroup;
			children = (
				5E123C3A27A2F1E400CF14EE /* FirstRegisterViewController.swift */,
				5E123C3C27A2F1F000CF14EE /* SecondRegisterViewController.swift */,
			);
			path = Register;
			sourceTree = "<group>";
		};
		5EA50EDB27AD2B6600641F2D /* AuxFunctions */ = {
			isa = PBXGroup;
			children = (
				5EA50EDC27AD2B7900641F2D /* AuxFunctions.swift */,
			);
			path = AuxFunctions;
			sourceTree = "<group>";
		};
		5ECF53E2278C3AB8005F6D01 = {
			isa = PBXGroup;
			children = (
				5ECF53ED278C3AB8005F6D01 /* Sport4All */,
				5ECF53EC278C3AB8005F6D01 /* Products */,
			);
			sourceTree = "<group>";
		};
		5ECF53EC278C3AB8005F6D01 /* Products */ = {
			isa = PBXGroup;
			children = (
				5ECF53EB278C3AB8005F6D01 /* Sport4All.app */,
			);
			name = Products;
			sourceTree = "<group>";
		};
		5ECF53ED278C3AB8005F6D01 /* Sport4All */ = {
			isa = PBXGroup;
			children = (
				5ECF53F0278C3AB8005F6D01 /* SceneDelegate.swift */,
				5ECF53EE278C3AB8005F6D01 /* AppDelegate.swift */,
				5E75E4C6279993E5005B89A3 /* Controllers */,
				5E75E4C5279993D3005B89A3 /* Model */,
				5E75E4C4279993CD005B89A3 /* Views */,
				5E197EFB278D7DBA008BBABB /* SupportingFiles */,
				5E75E4C7279993F2005B89A3 /* Provider */,
				5E197EF9278D7DA3008BBABB /* Util */,
			);
			path = Sport4All;
			sourceTree = "<group>";
		};
		5EF360F527AA9B2B00105AB7 /* CellsView */ = {
			isa = PBXGroup;
			children = (
				5999B68127B285380008BE6B /* ClubCell */,
				5EF360F627AA9B3300105AB7 /* BestRated */,
			);
			path = CellsView;
			sourceTree = "<group>";
		};
		5EF360F627AA9B3300105AB7 /* BestRated */ = {
			isa = PBXGroup;
			children = (
				07AB1FC827AA9599007771E3 /* BestRatedCollectionViewCell.swift */,
				07AB1FC927AA9599007771E3 /* BestRatedCollectionViewCell.xib */,
			);
			path = BestRated;
			sourceTree = "<group>";
		};
		5EF497A127A55703008B0C37 /* Decoder */ = {
			isa = PBXGroup;
			children = (
				5EF497A227A5570F008B0C37 /* DateDecoder.swift */,
			);
			path = Decoder;
			sourceTree = "<group>";
		};
		5EF497A427A55778008B0C37 /* UserDefaults */ = {
			isa = PBXGroup;
			children = (
				5EF497A527A55794008B0C37 /* UserDefaultsProvider.swift */,
			);
			path = UserDefaults;
			sourceTree = "<group>";
		};
		5EFC3CA7279DC09400720905 /* Register */ = {
			isa = PBXGroup;
			children = (
				5EFC3CA8279DC0A100720905 /* Register.storyboard */,
			);
			path = Register;
			sourceTree = "<group>";
		};
/* End PBXGroup section */

/* Begin PBXNativeTarget section */
		5ECF53EA278C3AB8005F6D01 /* Sport4All */ = {
			isa = PBXNativeTarget;
			buildConfigurationList = 5ECF53FF278C3AB9005F6D01 /* Build configuration list for PBXNativeTarget "Sport4All" */;
			buildPhases = (
				5ECF53E7278C3AB8005F6D01 /* Sources */,
				5ECF53E8278C3AB8005F6D01 /* Frameworks */,
				5ECF53E9278C3AB8005F6D01 /* Resources */,
			);
			buildRules = (
			);
			dependencies = (
			);
			name = Sport4All;
			packageProductDependencies = (
				5EA1A66B27A7D43C0096754C /* Alamofire */,
				5E51235027BBC7430047EE44 /* IQKeyboardManagerSwift */,
			);
			productName = Sport4All;
			productReference = 5ECF53EB278C3AB8005F6D01 /* Sport4All.app */;
			productType = "com.apple.product-type.application";
		};
/* End PBXNativeTarget section */

/* Begin PBXProject section */
		5ECF53E3278C3AB8005F6D01 /* Project object */ = {
			isa = PBXProject;
			attributes = {
				BuildIndependentTargetsInParallel = 1;
				LastSwiftUpdateCheck = 1320;
				LastUpgradeCheck = 1320;
				TargetAttributes = {
					5ECF53EA278C3AB8005F6D01 = {
						CreatedOnToolsVersion = 13.2.1;
					};
				};
			};
			buildConfigurationList = 5ECF53E6278C3AB8005F6D01 /* Build configuration list for PBXProject "Sport4All" */;
			compatibilityVersion = "Xcode 13.0";
			developmentRegion = en;
			hasScannedForEncodings = 0;
			knownRegions = (
				en,
				Base,
			);
			mainGroup = 5ECF53E2278C3AB8005F6D01;
			packageReferences = (
				5EA1A66A27A7D43C0096754C /* XCRemoteSwiftPackageReference "Alamofire" */,
				5E51234F27BBC7430047EE44 /* XCRemoteSwiftPackageReference "IQKeyboardManager" */,
			);
			productRefGroup = 5ECF53EC278C3AB8005F6D01 /* Products */;
			projectDirPath = "";
			projectRoot = "";
			targets = (
				5ECF53EA278C3AB8005F6D01 /* Sport4All */,
			);
		};
/* End PBXProject section */

/* Begin PBXResourcesBuildPhase section */
		5ECF53E9278C3AB8005F6D01 /* Resources */ = {
			isa = PBXResourcesBuildPhase;
			buildActionMask = 2147483647;
			files = (
				5E9C14C42790358F002D9AF1 /* SF-Pro-Display-Medium.otf in Resources */,
				5999B68527B285640008BE6B /* ClubTableViewCell.xib in Resources */,
				07AB1FCB27AA9599007771E3 /* BestRatedCollectionViewCell.xib in Resources */,
				5E371D2927A925F900446D73 /* TabBar.storyboard in Resources */,
				5E2FEE6727A43E3E008B0AE1 /* RetrievePassword.storyboard in Resources */,
				5E9C14C22790358F002D9AF1 /* SF-Pro-Display-Semibold.otf in Resources */,
				5959268A27BBB84A00702369 /* DetailEvent.storyboard in Resources */,
				5ECF53FB278C3AB9005F6D01 /* LaunchScreen.storyboard in Resources */,
				5E9C14C52790358F002D9AF1 /* SF-Pro.ttf in Resources */,
				5ECF53F8278C3AB9005F6D01 /* Assets.xcassets in Resources */,
				5999B68027B2805B0008BE6B /* FavouritesClubs.storyboard in Resources */,
				5EFC3CA9279DC0A100720905 /* Register.storyboard in Resources */,
				5959268727BBABE100702369 /* ModifyPassword.storyboard in Resources */,
				5E9C14C32790358F002D9AF1 /* SF-Pro-Display-Regular.otf in Resources */,
				5E9C14C62790358F002D9AF1 /* SF-Pro-Display-Bold.otf in Resources */,
				5E51236227BBD8010047EE44 /* InfoClub.storyboard in Resources */,
				5ECF53F6278C3AB8005F6D01 /* Main.storyboard in Resources */,
			);
			runOnlyForDeploymentPostprocessing = 0;
		};
/* End PBXResourcesBuildPhase section */

/* Begin PBXSourcesBuildPhase section */
		5ECF53E7278C3AB8005F6D01 /* Sources */ = {
			isa = PBXSourcesBuildPhase;
			buildActionMask = 2147483647;
			files = (
				5EA50EDD27AD2B7900641F2D /* AuxFunctions.swift in Sources */,
				5E9C14CA279038D0002D9AF1 /* TextStyles.swift in Sources */,
				5E7653CE27B2E802000D0A6D /* UISegmentedControlExtension.swift in Sources */,
				5EA1A66F27A7E5D60096754C /* NewUser.swift in Sources */,
				5ECB28AE279F157C00583F67 /* UIButtonExtension.swift in Sources */,
				5ECF53F3278C3AB8005F6D01 /* AuthViewController.swift in Sources */,
				5E2FEE6927A442DA008B0AE1 /* RetrievePasswordViewController.swift in Sources */,
				5ECB28AC279F0F5200583F67 /* UITextFieldExtension.swift in Sources */,
				5EA1A67327A7E7990096754C /* DbResponse.swift in Sources */,
				5ECF53EF278C3AB8005F6D01 /* AppDelegate.swift in Sources */,
				5E9E821227B283E200A450E8 /* HomeMatchesViewController.swift in Sources */,
				5E371D2B27A92A5E00446D73 /* TabBarController.swift in Sources */,
				5E123C3B27A2F1E400CF14EE /* FirstRegisterViewController.swift in Sources */,
				5E77E9BF27B1368E004195AE /* HomeViewController.swift in Sources */,
				5ECF53F1278C3AB8005F6D01 /* SceneDelegate.swift in Sources */,
				5EF497A827A55858008B0C37 /* NetworkingProvider.swift in Sources */,
				5EC1EFDF27BFB7C90089C436 /* UIViewExtension.swift in Sources */,
				5EF497A327A5570F008B0C37 /* DateDecoder.swift in Sources */,
				5E12C4B527B6583300F4E7EA /* ProfileViewController.swift in Sources */,
				5E197F01278D7E6F008BBABB /* Constants.swift in Sources */,
				5E9E821027B283D700A450E8 /* HomeClubsViewController.swift in Sources */,
				5EA1A67127A7E6970096754C /* Data.swift in Sources */,
				5EF497A627A55794008B0C37 /* UserDefaultsProvider.swift in Sources */,
				5E197F03278D80D4008BBABB /* ColorExtension.swift in Sources */,
				5E123C3D27A2F1F000CF14EE /* SecondRegisterViewController.swift in Sources */,
				5E51235E27BBD5D70047EE44 /* InfoClubViewController.swift in Sources */,
				5EA1A67527A7EDCF0096754C /* UserLogin.swift in Sources */,
				07AB1FCA27AA9599007771E3 /* BestRatedCollectionViewCell.swift in Sources */,
				5E51235327BBC7E60047EE44 /* FavouriteClubsViewController.swift in Sources */,
				5999B68427B285640008BE6B /* ClubTableViewCell.swift in Sources */,
			);
			runOnlyForDeploymentPostprocessing = 0;
		};
/* End PBXSourcesBuildPhase section */

/* Begin PBXVariantGroup section */
		5ECF53F4278C3AB8005F6D01 /* Main.storyboard */ = {
			isa = PBXVariantGroup;
			children = (
				5ECF53F5278C3AB8005F6D01 /* Base */,
			);
			name = Main.storyboard;
			sourceTree = "<group>";
			usesTabs = 0;
		};
		5ECF53F9278C3AB9005F6D01 /* LaunchScreen.storyboard */ = {
			isa = PBXVariantGroup;
			children = (
				5ECF53FA278C3AB9005F6D01 /* Base */,
			);
			name = LaunchScreen.storyboard;
			sourceTree = "<group>";
		};
/* End PBXVariantGroup section */

/* Begin XCBuildConfiguration section */
		5ECF53FD278C3AB9005F6D01 /* Debug */ = {
			isa = XCBuildConfiguration;
			buildSettings = {
				ALWAYS_SEARCH_USER_PATHS = NO;
				CLANG_ANALYZER_NONNULL = YES;
				CLANG_ANALYZER_NUMBER_OBJECT_CONVERSION = YES_AGGRESSIVE;
				CLANG_CXX_LANGUAGE_STANDARD = "gnu++17";
				CLANG_CXX_LIBRARY = "libc++";
				CLANG_ENABLE_MODULES = YES;
				CLANG_ENABLE_OBJC_ARC = YES;
				CLANG_ENABLE_OBJC_WEAK = YES;
				CLANG_WARN_BLOCK_CAPTURE_AUTORELEASING = YES;
				CLANG_WARN_BOOL_CONVERSION = YES;
				CLANG_WARN_COMMA = YES;
				CLANG_WARN_CONSTANT_CONVERSION = YES;
				CLANG_WARN_DEPRECATED_OBJC_IMPLEMENTATIONS = YES;
				CLANG_WARN_DIRECT_OBJC_ISA_USAGE = YES_ERROR;
				CLANG_WARN_DOCUMENTATION_COMMENTS = YES;
				CLANG_WARN_EMPTY_BODY = YES;
				CLANG_WARN_ENUM_CONVERSION = YES;
				CLANG_WARN_INFINITE_RECURSION = YES;
				CLANG_WARN_INT_CONVERSION = YES;
				CLANG_WARN_NON_LITERAL_NULL_CONVERSION = YES;
				CLANG_WARN_OBJC_IMPLICIT_RETAIN_SELF = YES;
				CLANG_WARN_OBJC_LITERAL_CONVERSION = YES;
				CLANG_WARN_OBJC_ROOT_CLASS = YES_ERROR;
				CLANG_WARN_QUOTED_INCLUDE_IN_FRAMEWORK_HEADER = YES;
				CLANG_WARN_RANGE_LOOP_ANALYSIS = YES;
				CLANG_WARN_STRICT_PROTOTYPES = YES;
				CLANG_WARN_SUSPICIOUS_MOVE = YES;
				CLANG_WARN_UNGUARDED_AVAILABILITY = YES_AGGRESSIVE;
				CLANG_WARN_UNREACHABLE_CODE = YES;
				CLANG_WARN__DUPLICATE_METHOD_MATCH = YES;
				COPY_PHASE_STRIP = NO;
				DEBUG_INFORMATION_FORMAT = dwarf;
				ENABLE_STRICT_OBJC_MSGSEND = YES;
				ENABLE_TESTABILITY = YES;
				GCC_C_LANGUAGE_STANDARD = gnu11;
				GCC_DYNAMIC_NO_PIC = NO;
				GCC_NO_COMMON_BLOCKS = YES;
				GCC_OPTIMIZATION_LEVEL = 0;
				GCC_PREPROCESSOR_DEFINITIONS = (
					"DEBUG=1",
					"$(inherited)",
				);
				GCC_WARN_64_TO_32_BIT_CONVERSION = YES;
				GCC_WARN_ABOUT_RETURN_TYPE = YES_ERROR;
				GCC_WARN_UNDECLARED_SELECTOR = YES;
				GCC_WARN_UNINITIALIZED_AUTOS = YES_AGGRESSIVE;
				GCC_WARN_UNUSED_FUNCTION = YES;
				GCC_WARN_UNUSED_VARIABLE = YES;
				IPHONEOS_DEPLOYMENT_TARGET = 15.2;
				MTL_ENABLE_DEBUG_INFO = INCLUDE_SOURCE;
				MTL_FAST_MATH = YES;
				ONLY_ACTIVE_ARCH = YES;
				SDKROOT = iphoneos;
				SWIFT_ACTIVE_COMPILATION_CONDITIONS = DEBUG;
				SWIFT_OPTIMIZATION_LEVEL = "-Onone";
			};
			name = Debug;
		};
		5ECF53FE278C3AB9005F6D01 /* Release */ = {
			isa = XCBuildConfiguration;
			buildSettings = {
				ALWAYS_SEARCH_USER_PATHS = NO;
				CLANG_ANALYZER_NONNULL = YES;
				CLANG_ANALYZER_NUMBER_OBJECT_CONVERSION = YES_AGGRESSIVE;
				CLANG_CXX_LANGUAGE_STANDARD = "gnu++17";
				CLANG_CXX_LIBRARY = "libc++";
				CLANG_ENABLE_MODULES = YES;
				CLANG_ENABLE_OBJC_ARC = YES;
				CLANG_ENABLE_OBJC_WEAK = YES;
				CLANG_WARN_BLOCK_CAPTURE_AUTORELEASING = YES;
				CLANG_WARN_BOOL_CONVERSION = YES;
				CLANG_WARN_COMMA = YES;
				CLANG_WARN_CONSTANT_CONVERSION = YES;
				CLANG_WARN_DEPRECATED_OBJC_IMPLEMENTATIONS = YES;
				CLANG_WARN_DIRECT_OBJC_ISA_USAGE = YES_ERROR;
				CLANG_WARN_DOCUMENTATION_COMMENTS = YES;
				CLANG_WARN_EMPTY_BODY = YES;
				CLANG_WARN_ENUM_CONVERSION = YES;
				CLANG_WARN_INFINITE_RECURSION = YES;
				CLANG_WARN_INT_CONVERSION = YES;
				CLANG_WARN_NON_LITERAL_NULL_CONVERSION = YES;
				CLANG_WARN_OBJC_IMPLICIT_RETAIN_SELF = YES;
				CLANG_WARN_OBJC_LITERAL_CONVERSION = YES;
				CLANG_WARN_OBJC_ROOT_CLASS = YES_ERROR;
				CLANG_WARN_QUOTED_INCLUDE_IN_FRAMEWORK_HEADER = YES;
				CLANG_WARN_RANGE_LOOP_ANALYSIS = YES;
				CLANG_WARN_STRICT_PROTOTYPES = YES;
				CLANG_WARN_SUSPICIOUS_MOVE = YES;
				CLANG_WARN_UNGUARDED_AVAILABILITY = YES_AGGRESSIVE;
				CLANG_WARN_UNREACHABLE_CODE = YES;
				CLANG_WARN__DUPLICATE_METHOD_MATCH = YES;
				COPY_PHASE_STRIP = NO;
				DEBUG_INFORMATION_FORMAT = "dwarf-with-dsym";
				ENABLE_NS_ASSERTIONS = NO;
				ENABLE_STRICT_OBJC_MSGSEND = YES;
				GCC_C_LANGUAGE_STANDARD = gnu11;
				GCC_NO_COMMON_BLOCKS = YES;
				GCC_WARN_64_TO_32_BIT_CONVERSION = YES;
				GCC_WARN_ABOUT_RETURN_TYPE = YES_ERROR;
				GCC_WARN_UNDECLARED_SELECTOR = YES;
				GCC_WARN_UNINITIALIZED_AUTOS = YES_AGGRESSIVE;
				GCC_WARN_UNUSED_FUNCTION = YES;
				GCC_WARN_UNUSED_VARIABLE = YES;
				IPHONEOS_DEPLOYMENT_TARGET = 15.2;
				MTL_ENABLE_DEBUG_INFO = NO;
				MTL_FAST_MATH = YES;
				SDKROOT = iphoneos;
				SWIFT_COMPILATION_MODE = wholemodule;
				SWIFT_OPTIMIZATION_LEVEL = "-O";
				VALIDATE_PRODUCT = YES;
			};
			name = Release;
		};
		5ECF5400278C3AB9005F6D01 /* Debug */ = {
			isa = XCBuildConfiguration;
			buildSettings = {
				ASSETCATALOG_COMPILER_APPICON_NAME = AppIcon;
				ASSETCATALOG_COMPILER_GLOBAL_ACCENT_COLOR_NAME = AccentColor;
				ASSETCATALOG_COMPILER_INCLUDE_ALL_APPICON_ASSETS = YES;
				CODE_SIGN_STYLE = Automatic;
				CURRENT_PROJECT_VERSION = 1;
				GENERATE_INFOPLIST_FILE = YES;
				INFOPLIST_FILE = Sport4All/SupportingFiles/Info.plist;
				INFOPLIST_KEY_UIApplicationSupportsIndirectInputEvents = YES;
				INFOPLIST_KEY_UILaunchStoryboardName = LaunchScreen;
				INFOPLIST_KEY_UIMainStoryboardFile = Main;
				INFOPLIST_KEY_UISupportedInterfaceOrientations_iPad = "UIInterfaceOrientationPortrait UIInterfaceOrientationPortraitUpsideDown UIInterfaceOrientationLandscapeLeft UIInterfaceOrientationLandscapeRight";
				INFOPLIST_KEY_UISupportedInterfaceOrientations_iPhone = "UIInterfaceOrientationPortrait UIInterfaceOrientationLandscapeLeft UIInterfaceOrientationLandscapeRight";
				LD_RUNPATH_SEARCH_PATHS = (
					"$(inherited)",
					"@executable_path/Frameworks",
				);
				MARKETING_VERSION = 1.0;
				PRODUCT_BUNDLE_IDENTIFIER = diego.CEV.Sport4All;
				PRODUCT_NAME = "$(TARGET_NAME)";
				SWIFT_EMIT_LOC_STRINGS = YES;
				SWIFT_VERSION = 5.0;
				TARGETED_DEVICE_FAMILY = "1,2";
			};
			name = Debug;
		};
		5ECF5401278C3AB9005F6D01 /* Release */ = {
			isa = XCBuildConfiguration;
			buildSettings = {
				ASSETCATALOG_COMPILER_APPICON_NAME = AppIcon;
				ASSETCATALOG_COMPILER_GLOBAL_ACCENT_COLOR_NAME = AccentColor;
				ASSETCATALOG_COMPILER_INCLUDE_ALL_APPICON_ASSETS = YES;
				CODE_SIGN_STYLE = Automatic;
				CURRENT_PROJECT_VERSION = 1;
				GENERATE_INFOPLIST_FILE = YES;
				INFOPLIST_FILE = Sport4All/SupportingFiles/Info.plist;
				INFOPLIST_KEY_UIApplicationSupportsIndirectInputEvents = YES;
				INFOPLIST_KEY_UILaunchStoryboardName = LaunchScreen;
				INFOPLIST_KEY_UIMainStoryboardFile = Main;
				INFOPLIST_KEY_UISupportedInterfaceOrientations_iPad = "UIInterfaceOrientationPortrait UIInterfaceOrientationPortraitUpsideDown UIInterfaceOrientationLandscapeLeft UIInterfaceOrientationLandscapeRight";
				INFOPLIST_KEY_UISupportedInterfaceOrientations_iPhone = "UIInterfaceOrientationPortrait UIInterfaceOrientationLandscapeLeft UIInterfaceOrientationLandscapeRight";
				LD_RUNPATH_SEARCH_PATHS = (
					"$(inherited)",
					"@executable_path/Frameworks",
				);
				MARKETING_VERSION = 1.0;
				PRODUCT_BUNDLE_IDENTIFIER = diego.CEV.Sport4All;
				PRODUCT_NAME = "$(TARGET_NAME)";
				SWIFT_EMIT_LOC_STRINGS = YES;
				SWIFT_VERSION = 5.0;
				TARGETED_DEVICE_FAMILY = "1,2";
			};
			name = Release;
		};
/* End XCBuildConfiguration section */

/* Begin XCConfigurationList section */
		5ECF53E6278C3AB8005F6D01 /* Build configuration list for PBXProject "Sport4All" */ = {
			isa = XCConfigurationList;
			buildConfigurations = (
				5ECF53FD278C3AB9005F6D01 /* Debug */,
				5ECF53FE278C3AB9005F6D01 /* Release */,
			);
			defaultConfigurationIsVisible = 0;
			defaultConfigurationName = Release;
		};
		5ECF53FF278C3AB9005F6D01 /* Build configuration list for PBXNativeTarget "Sport4All" */ = {
			isa = XCConfigurationList;
			buildConfigurations = (
				5ECF5400278C3AB9005F6D01 /* Debug */,
				5ECF5401278C3AB9005F6D01 /* Release */,
			);
			defaultConfigurationIsVisible = 0;
			defaultConfigurationName = Release;
		};
/* End XCConfigurationList section */

/* Begin XCRemoteSwiftPackageReference section */
		5E51234F27BBC7430047EE44 /* XCRemoteSwiftPackageReference "IQKeyboardManager" */ = {
			isa = XCRemoteSwiftPackageReference;
			repositoryURL = "https://github.com/hackiftekhar/IQKeyboardManager";
			requirement = {
				kind = exactVersion;
				version = 6.5.0;
			};
		};
		5EA1A66A27A7D43C0096754C /* XCRemoteSwiftPackageReference "Alamofire" */ = {
			isa = XCRemoteSwiftPackageReference;
			repositoryURL = "https://github.com/Alamofire/Alamofire.git";
			requirement = {
				kind = exactVersion;
				version = 5.5.0;
			};
		};
/* End XCRemoteSwiftPackageReference section */

/* Begin XCSwiftPackageProductDependency section */
		5E51235027BBC7430047EE44 /* IQKeyboardManagerSwift */ = {
			isa = XCSwiftPackageProductDependency;
			package = 5E51234F27BBC7430047EE44 /* XCRemoteSwiftPackageReference "IQKeyboardManager" */;
			productName = IQKeyboardManagerSwift;
		};
		5EA1A66B27A7D43C0096754C /* Alamofire */ = {
			isa = XCSwiftPackageProductDependency;
			package = 5EA1A66A27A7D43C0096754C /* XCRemoteSwiftPackageReference "Alamofire" */;
			productName = Alamofire;
		};
/* End XCSwiftPackageProductDependency section */
	};
	rootObject = 5ECF53E3278C3AB8005F6D01 /* Project object */;
}
